
Microsoft Visual Studio Solution File, Format Version 12.00
# Visual Studio 14
VisualStudioVersion = 14.0.25420.1
MinimumVisualStudioVersion = 10.0.40219.1
Project("{FAE04EC0-301F-11D3-BF4B-00C04F79EFBC}") = "Exploreh.Database", "Exploreh.Database\Exploreh.Database.csproj", "{8395EB1C-87DF-4F2F-8B7F-9721567C3BA6}"
EndProject
Project("{FAE04EC0-301F-11D3-BF4B-00C04F79EFBC}") = "Exploreh.Model", "Exploreh.Model\Exploreh.Model.csproj", "{5505CDD4-B36A-498F-94E6-1F559F2D8A86}"
EndProject
Project("{FAE04EC0-301F-11D3-BF4B-00C04F79EFBC}") = "Exploreh.Test", "Exploreh.Test\Exploreh.Test.csproj", "{564167C2-D4B7-4A83-9A29-3F1468046CFC}"
EndProject
Project("{FAE04EC0-301F-11D3-BF4B-00C04F79EFBC}") = "Exploreh.Business", "Exploreh.Business\Exploreh.Business.csproj", "{9F6BD45F-EB46-445A-A381-127ABDA6A349}"
EndProject
Project("{FAE04EC0-301F-11D3-BF4B-00C04F79EFBC}") = "Exploreh.Repository", "Exploreh.Repository\Exploreh.Repository.csproj", "{4D0C08C5-7C83-488E-B6F9-75B9FBCAC4E0}"
EndProject
Global
	GlobalSection(SolutionConfigurationPlatforms) = preSolution
		Debug|Any CPU = Debug|Any CPU
		Release|Any CPU = Release|Any CPU
	EndGlobalSection
	GlobalSection(ProjectConfigurationPlatforms) = postSolution
		{8395EB1C-87DF-4F2F-8B7F-9721567C3BA6}.Debug|Any CPU.ActiveCfg = Debug|Any CPU
		{8395EB1C-87DF-4F2F-8B7F-9721567C3BA6}.Debug|Any CPU.Build.0 = Debug|Any CPU
		{8395EB1C-87DF-4F2F-8B7F-9721567C3BA6}.Release|Any CPU.ActiveCfg = Release|Any CPU
		{8395EB1C-87DF-4F2F-8B7F-9721567C3BA6}.Release|Any CPU.Build.0 = Release|Any CPU
		{5505CDD4-B36A-498F-94E6-1F559F2D8A86}.Debug|Any CPU.ActiveCfg = Debug|Any CPU
		{5505CDD4-B36A-498F-94E6-1F559F2D8A86}.Debug|Any CPU.Build.0 = Debug|Any CPU
		{5505CDD4-B36A-498F-94E6-1F559F2D8A86}.Release|Any CPU.ActiveCfg = Release|Any CPU
		{5505CDD4-B36A-498F-94E6-1F559F2D8A86}.Release|Any CPU.Build.0 = Release|Any CPU
		{564167C2-D4B7-4A83-9A29-3F1468046CFC}.Debug|Any CPU.ActiveCfg = Debug|Any CPU
		{564167C2-D4B7-4A83-9A29-3F1468046CFC}.Debug|Any CPU.Build.0 = Debug|Any CPU
		{564167C2-D4B7-4A83-9A29-3F1468046CFC}.Release|Any CPU.ActiveCfg = Release|Any CPU
		{564167C2-D4B7-4A83-9A29-3F1468046CFC}.Release|Any CPU.Build.0 = Release|Any CPU
		{9F6BD45F-EB46-445A-A381-127ABDA6A349}.Debug|Any CPU.ActiveCfg = Debug|Any CPU
		{9F6BD45F-EB46-445A-A381-127ABDA6A349}.Debug|Any CPU.Build.0 = Debug|Any CPU
		{9F6BD45F-EB46-445A-A381-127ABDA6A349}.Release|Any CPU.ActiveCfg = Release|Any CPU
		{9F6BD45F-EB46-445A-A381-127ABDA6A349}.Release|Any CPU.Build.0 = Release|Any CPU
		{4D0C08C5-7C83-488E-B6F9-75B9FBCAC4E0}.Debug|Any CPU.ActiveCfg = Debug|Any CPU
		{4D0C08C5-7C83-488E-B6F9-75B9FBCAC4E0}.Debug|Any CPU.Build.0 = Debug|Any CPU
		{4D0C08C5-7C83-488E-B6F9-75B9FBCAC4E0}.Release|Any CPU.ActiveCfg = Release|Any CPU
		{4D0C08C5-7C83-488E-B6F9-75B9FBCAC4E0}.Release|Any CPU.Build.0 = Release|Any CPU
	EndGlobalSection
	GlobalSection(SolutionProperties) = preSolution
		HideSolutionNode = FALSE
	EndGlobalSection
EndGlobal
